
Microsoft Visual Studio Solution File, Format Version 12.00
# Visual Studio 2012
Project("{FAE04EC0-301F-11D3-BF4B-00C04F79EFBC}") = "GameCheck", "GameCheck\GameCheck.csproj", "{A37CC683-7FD6-4B6E-9EE7-7A48A086276A}"
EndProject
Project("{FAE04EC0-301F-11D3-BF4B-00C04F79EFBC}") = "Unity", "Unity\Unity.csproj", "{270A4005-338D-4C64-A148-73A0C1608BF4}"
EndProject
Global
	GlobalSection(SolutionConfigurationPlatforms) = preSolution
		Debug|Any CPU = Debug|Any CPU
		Release|Any CPU = Release|Any CPU
	EndGlobalSection
	GlobalSection(ProjectConfigurationPlatforms) = postSolution
		{A37CC683-7FD6-4B6E-9EE7-7A48A086276A}.Debug|Any CPU.ActiveCfg = Debug|Any CPU
		{A37CC683-7FD6-4B6E-9EE7-7A48A086276A}.Debug|Any CPU.Build.0 = Debug|Any CPU
		{A37CC683-7FD6-4B6E-9EE7-7A48A086276A}.Release|Any CPU.ActiveCfg = Release|Any CPU
		{A37CC683-7FD6-4B6E-9EE7-7A48A086276A}.Release|Any CPU.Build.0 = Release|Any CPU
		{270A4005-338D-4C64-A148-73A0C1608BF4}.Debug|Any CPU.ActiveCfg = Debug|Any CPU
		{270A4005-338D-4C64-A148-73A0C1608BF4}.Debug|Any CPU.Build.0 = Debug|Any CPU
		{270A4005-338D-4C64-A148-73A0C1608BF4}.Release|Any CPU.ActiveCfg = Release|Any CPU
		{270A4005-338D-4C64-A148-73A0C1608BF4}.Release|Any CPU.Build.0 = Release|Any CPU
	EndGlobalSection
	GlobalSection(SolutionProperties) = preSolution
		HideSolutionNode = FALSE
	EndGlobalSection
EndGlobal
