
Microsoft Visual Studio Solution File, Format Version 12.00
# Visual Studio 2012
Project("{FAE04EC0-301F-11D3-BF4B-00C04F79EFBC}") = "EPBPrototype", "EPBPrototype.csproj", "{B216101D-C4B2-4E7E-824D-3EC01E5B5F14}"
EndProject
Global
	GlobalSection(SolutionConfigurationPlatforms) = preSolution
		Debug|Any CPU = Debug|Any CPU
		Release|Any CPU = Release|Any CPU
		Retail|Any CPU = Retail|Any CPU
	EndGlobalSection
	GlobalSection(ProjectConfigurationPlatforms) = postSolution
		{B216101D-C4B2-4E7E-824D-3EC01E5B5F14}.Debug|Any CPU.ActiveCfg = Debug|Any CPU
		{B216101D-C4B2-4E7E-824D-3EC01E5B5F14}.Debug|Any CPU.Build.0 = Debug|Any CPU
		{B216101D-C4B2-4E7E-824D-3EC01E5B5F14}.Release|Any CPU.ActiveCfg = Release|Any CPU
		{B216101D-C4B2-4E7E-824D-3EC01E5B5F14}.Release|Any CPU.Build.0 = Release|Any CPU
		{B216101D-C4B2-4E7E-824D-3EC01E5B5F14}.Retail|Any CPU.ActiveCfg = Retail|Any CPU
		{B216101D-C4B2-4E7E-824D-3EC01E5B5F14}.Retail|Any CPU.Build.0 = Retail|Any CPU
	EndGlobalSection
	GlobalSection(SolutionProperties) = preSolution
		HideSolutionNode = FALSE
	EndGlobalSection
EndGlobal
